// !$*UTF8*$!
{
	archiveVersion = 1;
	classes = {
	};
	objectVersion = 77;
	objects = {

/* Begin PBXBuildFile section */
		B23184452F3B4A7A008C7FFB /* AppDelegate.swift in Sources */ = {isa = PBXBuildFile; fileRef = B23184442F3B4A7A008C7FFB /* AppDelegate.swift */; };
		B23184472F3B4A7A008C7FFB /* SceneDelegate.swift in Sources */ = {isa = PBXBuildFile; fileRef = B23184462F3B4A7A008C7FFB /* SceneDelegate.swift */; };
		B231844A2F3B4A7A008C7FFB /* LaunchScreen.storyboard in Resources */ = {isa = PBXBuildFile; fileRef = B23184482F3B4A7A008C7FFB /* LaunchScreen.storyboard */; };
		B231844D2F3B4A7A008C7FFB /* Main.storyboard in Resources */ = {isa = PBXBuildFile; fileRef = B231844B2F3B4A7A008C7FFB /* Main.storyboard */; };
		B23184562F3B4A7A008C7FFB /* AppDelegate.swift in Sources */ = {isa = PBXBuildFile; fileRef = B23184552F3B4A7A008C7FFB /* AppDelegate.swift */; };
		B23184592F3B4A7A008C7FFB /* Main.storyboard in Resources */ = {isa = PBXBuildFile; fileRef = B23184572F3B4A7A008C7FFB /* Main.storyboard */; };
		B23184602F3B4A7A008C7FFB /* Coding Test Auto PR (Safari) Extension.appex in Embed Foundation Extensions */ = {isa = PBXBuildFile; fileRef = B231845F2F3B4A7A008C7FFB /* Coding Test Auto PR (Safari) Extension.appex */; settings = {ATTRIBUTES = (RemoveHeadersOnCopy, ); }; };
		B231846A2F3B4A7A008C7FFB /* Coding Test Auto PR (Safari) Extension.appex in Embed Foundation Extensions */ = {isa = PBXBuildFile; fileRef = B23184692F3B4A7A008C7FFB /* Coding Test Auto PR (Safari) Extension.appex */; settings = {ATTRIBUTES = (RemoveHeadersOnCopy, ); }; };
		B231846F2F3B4A7A008C7FFB /* Main.html in Resources */ = {isa = PBXBuildFile; fileRef = B23184342F3B4A79008C7FFB /* Main.html */; };
		B23184702F3B4A7A008C7FFB /* Main.html in Resources */ = {isa = PBXBuildFile; fileRef = B23184342F3B4A79008C7FFB /* Main.html */; };
		B23184712F3B4A7A008C7FFB /* Icon.png in Resources */ = {isa = PBXBuildFile; fileRef = B23184362F3B4A79008C7FFB /* Icon.png */; };
		B23184722F3B4A7A008C7FFB /* Icon.png in Resources */ = {isa = PBXBuildFile; fileRef = B23184362F3B4A79008C7FFB /* Icon.png */; };
		B23184732F3B4A7A008C7FFB /* Style.css in Resources */ = {isa = PBXBuildFile; fileRef = B23184372F3B4A79008C7FFB /* Style.css */; };
		B23184742F3B4A7A008C7FFB /* Style.css in Resources */ = {isa = PBXBuildFile; fileRef = B23184372F3B4A79008C7FFB /* Style.css */; };
		B23184752F3B4A7A008C7FFB /* Script.js in Resources */ = {isa = PBXBuildFile; fileRef = B23184382F3B4A79008C7FFB /* Script.js */; };
		B23184762F3B4A7A008C7FFB /* Script.js in Resources */ = {isa = PBXBuildFile; fileRef = B23184382F3B4A79008C7FFB /* Script.js */; };
		B23184772F3B4A7A008C7FFB /* ViewController.swift in Sources */ = {isa = PBXBuildFile; fileRef = B23184392F3B4A79008C7FFB /* ViewController.swift */; };
		B23184782F3B4A7A008C7FFB /* ViewController.swift in Sources */ = {isa = PBXBuildFile; fileRef = B23184392F3B4A79008C7FFB /* ViewController.swift */; };
		B23184792F3B4A7A008C7FFB /* Assets.xcassets in Resources */ = {isa = PBXBuildFile; fileRef = B231843A2F3B4A7A008C7FFB /* Assets.xcassets */; };
		B231847A2F3B4A7A008C7FFB /* Assets.xcassets in Resources */ = {isa = PBXBuildFile; fileRef = B231843A2F3B4A7A008C7FFB /* Assets.xcassets */; };
		B231847B2F3B4A7A008C7FFB /* SafariWebExtensionHandler.swift in Sources */ = {isa = PBXBuildFile; fileRef = B231843C2F3B4A7A008C7FFB /* SafariWebExtensionHandler.swift */; };
		B231847C2F3B4A7A008C7FFB /* SafariWebExtensionHandler.swift in Sources */ = {isa = PBXBuildFile; fileRef = B231843C2F3B4A7A008C7FFB /* SafariWebExtensionHandler.swift */; };
		B23184962F3B4A7A008C7FFB /* popup.js in Resources */ = {isa = PBXBuildFile; fileRef = B231848E2F3B4A7A008C7FFB /* popup.js */; };
		B23184972F3B4A7A008C7FFB /* background.js in Resources */ = {isa = PBXBuildFile; fileRef = B231848F2F3B4A7A008C7FFB /* background.js */; };
		B23184982F3B4A7A008C7FFB /* popup.html in Resources */ = {isa = PBXBuildFile; fileRef = B23184902F3B4A7A008C7FFB /* popup.html */; };
		B23184992F3B4A7A008C7FFB /* options.js in Resources */ = {isa = PBXBuildFile; fileRef = B23184912F3B4A7A008C7FFB /* options.js */; };
		B231849A2F3B4A7A008C7FFB /* content in Resources */ = {isa = PBXBuildFile; fileRef = B23184922F3B4A7A008C7FFB /* content */; };
		B231849B2F3B4A7A008C7FFB /* README.md in Resources */ = {isa = PBXBuildFile; fileRef = B23184932F3B4A7A008C7FFB /* README.md */; };
		B231849C2F3B4A7A008C7FFB /* manifest.json in Resources */ = {isa = PBXBuildFile; fileRef = B23184942F3B4A7A008C7FFB /* manifest.json */; };
		B231849D2F3B4A7A008C7FFB /* options.html in Resources */ = {isa = PBXBuildFile; fileRef = B23184952F3B4A7A008C7FFB /* options.html */; };
		B231849E2F3B4A7A008C7FFB /* popup.js in Resources */ = {isa = PBXBuildFile; fileRef = B231848E2F3B4A7A008C7FFB /* popup.js */; };
		B231849F2F3B4A7A008C7FFB /* background.js in Resources */ = {isa = PBXBuildFile; fileRef = B231848F2F3B4A7A008C7FFB /* background.js */; };
		B23184A02F3B4A7A008C7FFB /* popup.html in Resources */ = {isa = PBXBuildFile; fileRef = B23184902F3B4A7A008C7FFB /* popup.html */; };
		B23184A12F3B4A7A008C7FFB /* options.js in Resources */ = {isa = PBXBuildFile; fileRef = B23184912F3B4A7A008C7FFB /* options.js */; };
		B23184A22F3B4A7A008C7FFB /* content in Resources */ = {isa = PBXBuildFile; fileRef = B23184922F3B4A7A008C7FFB /* content */; };
		B23184A32F3B4A7A008C7FFB /* README.md in Resources */ = {isa = PBXBuildFile; fileRef = B23184932F3B4A7A008C7FFB /* README.md */; };
		B23184A42F3B4A7A008C7FFB /* manifest.json in Resources */ = {isa = PBXBuildFile; fileRef = B23184942F3B4A7A008C7FFB /* manifest.json */; };
		B23184A52F3B4A7A008C7FFB /* options.html in Resources */ = {isa = PBXBuildFile; fileRef = B23184952F3B4A7A008C7FFB /* options.html */; };
/* End PBXBuildFile section */

/* Begin PBXContainerItemProxy section */
		B23184612F3B4A7A008C7FFB /* PBXContainerItemProxy */ = {
			isa = PBXContainerItemProxy;
			containerPortal = B231842E2F3B4A79008C7FFB /* Project object */;
			proxyType = 1;
			remoteGlobalIDString = B231845E2F3B4A7A008C7FFB;
			remoteInfo = "Coding Test Auto PR (Safari) Extension (iOS)";
		};
		B231846B2F3B4A7A008C7FFB /* PBXContainerItemProxy */ = {
			isa = PBXContainerItemProxy;
			containerPortal = B231842E2F3B4A79008C7FFB /* Project object */;
			proxyType = 1;
			remoteGlobalIDString = B23184682F3B4A7A008C7FFB;
			remoteInfo = "Coding Test Auto PR (Safari) Extension (macOS)";
		};
/* End PBXContainerItemProxy section */

/* Begin PBXCopyFilesBuildPhase section */
		B23184822F3B4A7A008C7FFB /* Embed Foundation Extensions */ = {
			isa = PBXCopyFilesBuildPhase;
			buildActionMask = 2147483647;
			dstPath = "";
			dstSubfolderSpec = 13;
			files = (
				B23184602F3B4A7A008C7FFB /* Coding Test Auto PR (Safari) Extension.appex in Embed Foundation Extensions */,
			);
			name = "Embed Foundation Extensions";
			runOnlyForDeploymentPostprocessing = 0;
		};
		B23184892F3B4A7A008C7FFB /* Embed Foundation Extensions */ = {
			isa = PBXCopyFilesBuildPhase;
			buildActionMask = 2147483647;
			dstPath = "";
			dstSubfolderSpec = 13;
			files = (
				B231846A2F3B4A7A008C7FFB /* Coding Test Auto PR (Safari) Extension.appex in Embed Foundation Extensions */,
			);
			name = "Embed Foundation Extensions";
			runOnlyForDeploymentPostprocessing = 0;
		};
/* End PBXCopyFilesBuildPhase section */

/* Begin PBXFileReference section */
		B23184352F3B4A79008C7FFB /* Base */ = {isa = PBXFileReference; lastKnownFileType = text.html; name = Base; path = Base.lproj/Main.html; sourceTree = "<group>"; };
		B23184362F3B4A79008C7FFB /* Icon.png */ = {isa = PBXFileReference; lastKnownFileType = image.png; path = Icon.png; sourceTree = "<group>"; };
		B23184372F3B4A79008C7FFB /* Style.css */ = {isa = PBXFileReference; lastKnownFileType = text.css; path = Style.css; sourceTree = "<group>"; };
		B23184382F3B4A79008C7FFB /* Script.js */ = {isa = PBXFileReference; lastKnownFileType = sourcecode.javascript; path = Script.js; sourceTree = "<group>"; };
		B23184392F3B4A79008C7FFB /* ViewController.swift */ = {isa = PBXFileReference; lastKnownFileType = sourcecode.swift; path = ViewController.swift; sourceTree = "<group>"; };
		B231843A2F3B4A7A008C7FFB /* Assets.xcassets */ = {isa = PBXFileReference; lastKnownFileType = folder.assetcatalog; path = Assets.xcassets; sourceTree = "<group>"; };
		B231843C2F3B4A7A008C7FFB /* SafariWebExtensionHandler.swift */ = {isa = PBXFileReference; lastKnownFileType = sourcecode.swift; path = SafariWebExtensionHandler.swift; sourceTree = "<group>"; };
		B23184412F3B4A7A008C7FFB /* Coding Test Auto PR (Safari).app */ = {isa = PBXFileReference; explicitFileType = wrapper.application; includeInIndex = 0; path = "Coding Test Auto PR (Safari).app"; sourceTree = BUILT_PRODUCTS_DIR; };
		B23184442F3B4A7A008C7FFB /* AppDelegate.swift */ = {isa = PBXFileReference; lastKnownFileType = sourcecode.swift; path = AppDelegate.swift; sourceTree = "<group>"; };
		B23184462F3B4A7A008C7FFB /* SceneDelegate.swift */ = {isa = PBXFileReference; lastKnownFileType = sourcecode.swift; path = SceneDelegate.swift; sourceTree = "<group>"; };
		B23184492F3B4A7A008C7FFB /* Base */ = {isa = PBXFileReference; lastKnownFileType = file.storyboard; name = Base; path = Base.lproj/LaunchScreen.storyboard; sourceTree = "<group>"; };
		B231844C2F3B4A7A008C7FFB /* Base */ = {isa = PBXFileReference; lastKnownFileType = file.storyboard; name = Base; path = Base.lproj/Main.storyboard; sourceTree = "<group>"; };
		B231844E2F3B4A7A008C7FFB /* Info.plist */ = {isa = PBXFileReference; lastKnownFileType = text.plist.xml; path = Info.plist; sourceTree = "<group>"; };
		B23184532F3B4A7A008C7FFB /* Coding Test Auto PR (Safari).app */ = {isa = PBXFileReference; explicitFileType = wrapper.application; includeInIndex = 0; path = "Coding Test Auto PR (Safari).app"; sourceTree = BUILT_PRODUCTS_DIR; };
		B23184552F3B4A7A008C7FFB /* AppDelegate.swift */ = {isa = PBXFileReference; lastKnownFileType = sourcecode.swift; path = AppDelegate.swift; sourceTree = "<group>"; };
		B23184582F3B4A7A008C7FFB /* Base */ = {isa = PBXFileReference; lastKnownFileType = file.storyboard; name = Base; path = Base.lproj/Main.storyboard; sourceTree = "<group>"; };
		B231845A2F3B4A7A008C7FFB /* Info.plist */ = {isa = PBXFileReference; lastKnownFileType = text.plist.xml; path = Info.plist; sourceTree = "<group>"; };
		B231845F2F3B4A7A008C7FFB /* Coding Test Auto PR (Safari) Extension.appex */ = {isa = PBXFileReference; explicitFileType = "wrapper.app-extension"; includeInIndex = 0; path = "Coding Test Auto PR (Safari) Extension.appex"; sourceTree = BUILT_PRODUCTS_DIR; };
		B23184642F3B4A7A008C7FFB /* Info.plist */ = {isa = PBXFileReference; lastKnownFileType = text.plist.xml; path = Info.plist; sourceTree = "<group>"; };
		B23184692F3B4A7A008C7FFB /* Coding Test Auto PR (Safari) Extension.appex */ = {isa = PBXFileReference; explicitFileType = "wrapper.app-extension"; includeInIndex = 0; path = "Coding Test Auto PR (Safari) Extension.appex"; sourceTree = BUILT_PRODUCTS_DIR; };
		B231846E2F3B4A7A008C7FFB /* Info.plist */ = {isa = PBXFileReference; lastKnownFileType = text.plist.xml; path = Info.plist; sourceTree = "<group>"; };
		B231848E2F3B4A7A008C7FFB /* popup.js */ = {isa = PBXFileReference; lastKnownFileType = sourcecode.javascript; name = popup.js; path = "../../../safari-extension/popup.js"; sourceTree = "<group>"; };
		B231848F2F3B4A7A008C7FFB /* background.js */ = {isa = PBXFileReference; lastKnownFileType = sourcecode.javascript; name = background.js; path = "../../../safari-extension/background.js"; sourceTree = "<group>"; };
		B23184902F3B4A7A008C7FFB /* popup.html */ = {isa = PBXFileReference; lastKnownFileType = text.html; name = popup.html; path = "../../../safari-extension/popup.html"; sourceTree = "<group>"; };
		B23184912F3B4A7A008C7FFB /* options.js */ = {isa = PBXFileReference; lastKnownFileType = sourcecode.javascript; name = options.js; path = "../../../safari-extension/options.js"; sourceTree = "<group>"; };
		B23184922F3B4A7A008C7FFB /* content */ = {isa = PBXFileReference; lastKnownFileType = folder; name = content; path = "../../../safari-extension/content"; sourceTree = "<group>"; };
		B23184932F3B4A7A008C7FFB /* README.md */ = {isa = PBXFileReference; lastKnownFileType = net.daringfireball.markdown; name = README.md; path = "../../../safari-extension/README.md"; sourceTree = "<group>"; };
		B23184942F3B4A7A008C7FFB /* manifest.json */ = {isa = PBXFileReference; lastKnownFileType = text.json; name = manifest.json; path = "../../../safari-extension/manifest.json"; sourceTree = "<group>"; };
		B23184952F3B4A7A008C7FFB /* options.html */ = {isa = PBXFileReference; lastKnownFileType = text.html; name = options.html; path = "../../../safari-extension/options.html"; sourceTree = "<group>"; };
/* End PBXFileReference section */

/* Begin PBXFrameworksBuildPhase section */
		B231843E2F3B4A7A008C7FFB /* Frameworks */ = {
			isa = PBXFrameworksBuildPhase;
			buildActionMask = 2147483647;
			files = (
			);
			runOnlyForDeploymentPostprocessing = 0;
		};
		B23184502F3B4A7A008C7FFB /* Frameworks */ = {
			isa = PBXFrameworksBuildPhase;
			buildActionMask = 2147483647;
			files = (
			);
			runOnlyForDeploymentPostprocessing = 0;
		};
		B231845C2F3B4A7A008C7FFB /* Frameworks */ = {
			isa = PBXFrameworksBuildPhase;
			buildActionMask = 2147483647;
			files = (
			);
			runOnlyForDeploymentPostprocessing = 0;
		};
		B23184662F3B4A7A008C7FFB /* Frameworks */ = {
			isa = PBXFrameworksBuildPhase;
			buildActionMask = 2147483647;
			files = (
			);
			runOnlyForDeploymentPostprocessing = 0;
		};
/* End PBXFrameworksBuildPhase section */

/* Begin PBXGroup section */
		B231842D2F3B4A79008C7FFB = {
			isa = PBXGroup;
			children = (
				B23184322F3B4A79008C7FFB /* Shared (App) */,
				B231843B2F3B4A7A008C7FFB /* Shared (Extension) */,
				B23184432F3B4A7A008C7FFB /* iOS (App) */,
				B23184542F3B4A7A008C7FFB /* macOS (App) */,
				B23184632F3B4A7A008C7FFB /* iOS (Extension) */,
				B231846D2F3B4A7A008C7FFB /* macOS (Extension) */,
				B23184422F3B4A7A008C7FFB /* Products */,
			);
			sourceTree = "<group>";
		};
		B23184322F3B4A79008C7FFB /* Shared (App) */ = {
			isa = PBXGroup;
			children = (
				B23184392F3B4A79008C7FFB /* ViewController.swift */,
				B231843A2F3B4A7A008C7FFB /* Assets.xcassets */,
				B23184332F3B4A79008C7FFB /* Resources */,
			);
			path = "Shared (App)";
			sourceTree = "<group>";
		};
		B23184332F3B4A79008C7FFB /* Resources */ = {
			isa = PBXGroup;
			children = (
				B23184342F3B4A79008C7FFB /* Main.html */,
				B23184362F3B4A79008C7FFB /* Icon.png */,
				B23184372F3B4A79008C7FFB /* Style.css */,
				B23184382F3B4A79008C7FFB /* Script.js */,
			);
			path = Resources;
			sourceTree = "<group>";
		};
		B231843B2F3B4A7A008C7FFB /* Shared (Extension) */ = {
			isa = PBXGroup;
			children = (
				B231848D2F3B4A7A008C7FFB /* Resources */,
				B231843C2F3B4A7A008C7FFB /* SafariWebExtensionHandler.swift */,
			);
			path = "Shared (Extension)";
			sourceTree = "<group>";
		};
		B23184422F3B4A7A008C7FFB /* Products */ = {
			isa = PBXGroup;
			children = (
				B23184412F3B4A7A008C7FFB /* Coding Test Auto PR (Safari).app */,
				B23184532F3B4A7A008C7FFB /* Coding Test Auto PR (Safari).app */,
				B231845F2F3B4A7A008C7FFB /* Coding Test Auto PR (Safari) Extension.appex */,
				B23184692F3B4A7A008C7FFB /* Coding Test Auto PR (Safari) Extension.appex */,
			);
			name = Products;
			sourceTree = "<group>";
		};
		B23184432F3B4A7A008C7FFB /* iOS (App) */ = {
			isa = PBXGroup;
			children = (
				B23184442F3B4A7A008C7FFB /* AppDelegate.swift */,
				B23184462F3B4A7A008C7FFB /* SceneDelegate.swift */,
				B23184482F3B4A7A008C7FFB /* LaunchScreen.storyboard */,
				B231844B2F3B4A7A008C7FFB /* Main.storyboard */,
				B231844E2F3B4A7A008C7FFB /* Info.plist */,
			);
			path = "iOS (App)";
			sourceTree = "<group>";
		};
		B23184542F3B4A7A008C7FFB /* macOS (App) */ = {
			isa = PBXGroup;
			children = (
				B23184552F3B4A7A008C7FFB /* AppDelegate.swift */,
				B23184572F3B4A7A008C7FFB /* Main.storyboard */,
				B231845A2F3B4A7A008C7FFB /* Info.plist */,
			);
			path = "macOS (App)";
			sourceTree = "<group>";
		};
		B23184632F3B4A7A008C7FFB /* iOS (Extension) */ = {
			isa = PBXGroup;
			children = (
				B23184642F3B4A7A008C7FFB /* Info.plist */,
			);
			path = "iOS (Extension)";
			sourceTree = "<group>";
		};
		B231846D2F3B4A7A008C7FFB /* macOS (Extension) */ = {
			isa = PBXGroup;
			children = (
				B231846E2F3B4A7A008C7FFB /* Info.plist */,
			);
			path = "macOS (Extension)";
			sourceTree = "<group>";
		};
		B231848D2F3B4A7A008C7FFB /* Resources */ = {
			isa = PBXGroup;
			children = (
				B231848E2F3B4A7A008C7FFB /* popup.js */,
				B231848F2F3B4A7A008C7FFB /* background.js */,
				B23184902F3B4A7A008C7FFB /* popup.html */,
				B23184912F3B4A7A008C7FFB /* options.js */,
				B23184922F3B4A7A008C7FFB /* content */,
				B23184932F3B4A7A008C7FFB /* README.md */,
				B23184942F3B4A7A008C7FFB /* manifest.json */,
				B23184952F3B4A7A008C7FFB /* options.html */,
			);
			name = Resources;
			path = "Shared (Extension)";
			sourceTree = SOURCE_ROOT;
		};
/* End PBXGroup section */

/* Begin PBXNativeTarget section */
		B23184402F3B4A7A008C7FFB /* Coding Test Auto PR (Safari) (iOS) */ = {
			isa = PBXNativeTarget;
			buildConfigurationList = B23184832F3B4A7A008C7FFB /* Build configuration list for PBXNativeTarget "Coding Test Auto PR (Safari) (iOS)" */;
			buildPhases = (
				B231843D2F3B4A7A008C7FFB /* Sources */,
				B231843E2F3B4A7A008C7FFB /* Frameworks */,
				B231843F2F3B4A7A008C7FFB /* Resources */,
				B23184822F3B4A7A008C7FFB /* Embed Foundation Extensions */,
			);
			buildRules = (
			);
			dependencies = (
				B23184622F3B4A7A008C7FFB /* PBXTargetDependency */,
			);
			name = "Coding Test Auto PR (Safari) (iOS)";
			packageProductDependencies = (
			);
			productName = "Coding Test Auto PR (Safari) (iOS)";
			productReference = B23184412F3B4A7A008C7FFB /* Coding Test Auto PR (Safari).app */;
			productType = "com.apple.product-type.application";
		};
		B23184522F3B4A7A008C7FFB /* Coding Test Auto PR (Safari) (macOS) */ = {
			isa = PBXNativeTarget;
			buildConfigurationList = B231848A2F3B4A7A008C7FFB /* Build configuration list for PBXNativeTarget "Coding Test Auto PR (Safari) (macOS)" */;
			buildPhases = (
				B231844F2F3B4A7A008C7FFB /* Sources */,
				B23184502F3B4A7A008C7FFB /* Frameworks */,
				B23184512F3B4A7A008C7FFB /* Resources */,
				B23184892F3B4A7A008C7FFB /* Embed Foundation Extensions */,
			);
			buildRules = (
			);
			dependencies = (
				B231846C2F3B4A7A008C7FFB /* PBXTargetDependency */,
			);
			name = "Coding Test Auto PR (Safari) (macOS)";
			packageProductDependencies = (
			);
			productName = "Coding Test Auto PR (Safari) (macOS)";
			productReference = B23184532F3B4A7A008C7FFB /* Coding Test Auto PR (Safari).app */;
			productType = "com.apple.product-type.application";
		};
		B231845E2F3B4A7A008C7FFB /* Coding Test Auto PR (Safari) Extension (iOS) */ = {
			isa = PBXNativeTarget;
			buildConfigurationList = B231847F2F3B4A7A008C7FFB /* Build configuration list for PBXNativeTarget "Coding Test Auto PR (Safari) Extension (iOS)" */;
			buildPhases = (
				B231845B2F3B4A7A008C7FFB /* Sources */,
				B231845C2F3B4A7A008C7FFB /* Frameworks */,
				B231845D2F3B4A7A008C7FFB /* Resources */,
			);
			buildRules = (
			);
			dependencies = (
			);
			name = "Coding Test Auto PR (Safari) Extension (iOS)";
			packageProductDependencies = (
			);
			productName = "Coding Test Auto PR (Safari) Extension (iOS)";
			productReference = B231845F2F3B4A7A008C7FFB /* Coding Test Auto PR (Safari) Extension.appex */;
			productType = "com.apple.product-type.app-extension";
		};
		B23184682F3B4A7A008C7FFB /* Coding Test Auto PR (Safari) Extension (macOS) */ = {
			isa = PBXNativeTarget;
			buildConfigurationList = B23184862F3B4A7A008C7FFB /* Build configuration list for PBXNativeTarget "Coding Test Auto PR (Safari) Extension (macOS)" */;
			buildPhases = (
				B23184652F3B4A7A008C7FFB /* Sources */,
				B23184662F3B4A7A008C7FFB /* Frameworks */,
				B23184672F3B4A7A008C7FFB /* Resources */,
			);
			buildRules = (
			);
			dependencies = (
			);
			name = "Coding Test Auto PR (Safari) Extension (macOS)";
			packageProductDependencies = (
			);
			productName = "Coding Test Auto PR (Safari) Extension (macOS)";
			productReference = B23184692F3B4A7A008C7FFB /* Coding Test Auto PR (Safari) Extension.appex */;
			productType = "com.apple.product-type.app-extension";
		};
/* End PBXNativeTarget section */

/* Begin PBXProject section */
		B231842E2F3B4A79008C7FFB /* Project object */ = {
			isa = PBXProject;
			attributes = {
				BuildIndependentTargetsInParallel = 1;
				LastSwiftUpdateCheck = 2620;
				LastUpgradeCheck = 2620;
				TargetAttributes = {
					B23184402F3B4A7A008C7FFB = {
						CreatedOnToolsVersion = 26.2;
					};
					B23184522F3B4A7A008C7FFB = {
						CreatedOnToolsVersion = 26.2;
					};
					B231845E2F3B4A7A008C7FFB = {
						CreatedOnToolsVersion = 26.2;
					};
					B23184682F3B4A7A008C7FFB = {
						CreatedOnToolsVersion = 26.2;
					};
				};
			};
			buildConfigurationList = B23184312F3B4A79008C7FFB /* Build configuration list for PBXProject "Coding Test Auto PR (Safari)" */;
			developmentRegion = en;
			hasScannedForEncodings = 0;
			knownRegions = (
				en,
				Base,
			);
			mainGroup = B231842D2F3B4A79008C7FFB;
			minimizedProjectReferenceProxies = 1;
			preferredProjectObjectVersion = 77;
			productRefGroup = B23184422F3B4A7A008C7FFB /* Products */;
			projectDirPath = "";
			projectRoot = "";
			targets = (
				B23184402F3B4A7A008C7FFB /* Coding Test Auto PR (Safari) (iOS) */,
				B23184522F3B4A7A008C7FFB /* Coding Test Auto PR (Safari) (macOS) */,
				B231845E2F3B4A7A008C7FFB /* Coding Test Auto PR (Safari) Extension (iOS) */,
				B23184682F3B4A7A008C7FFB /* Coding Test Auto PR (Safari) Extension (macOS) */,
			);
		};
/* End PBXProject section */

/* Begin PBXResourcesBuildPhase section */
		B231843F2F3B4A7A008C7FFB /* Resources */ = {
			isa = PBXResourcesBuildPhase;
			buildActionMask = 2147483647;
			files = (
				B23184712F3B4A7A008C7FFB /* Icon.png in Resources */,
				B231844A2F3B4A7A008C7FFB /* LaunchScreen.storyboard in Resources */,
				B231846F2F3B4A7A008C7FFB /* Main.html in Resources */,
				B23184752F3B4A7A008C7FFB /* Script.js in Resources */,
				B23184792F3B4A7A008C7FFB /* Assets.xcassets in Resources */,
				B231844D2F3B4A7A008C7FFB /* Main.storyboard in Resources */,
				B23184732F3B4A7A008C7FFB /* Style.css in Resources */,
			);
			runOnlyForDeploymentPostprocessing = 0;
		};
		B23184512F3B4A7A008C7FFB /* Resources */ = {
			isa = PBXResourcesBuildPhase;
			buildActionMask = 2147483647;
			files = (
				B23184722F3B4A7A008C7FFB /* Icon.png in Resources */,
				B23184742F3B4A7A008C7FFB /* Style.css in Resources */,
				B23184592F3B4A7A008C7FFB /* Main.storyboard in Resources */,
				B23184762F3B4A7A008C7FFB /* Script.js in Resources */,
				B231847A2F3B4A7A008C7FFB /* Assets.xcassets in Resources */,
				B23184702F3B4A7A008C7FFB /* Main.html in Resources */,
			);
			runOnlyForDeploymentPostprocessing = 0;
		};
		B231845D2F3B4A7A008C7FFB /* Resources */ = {
			isa = PBXResourcesBuildPhase;
			buildActionMask = 2147483647;
			files = (
				B23184A32F3B4A7A008C7FFB /* README.md in Resources */,
				B23184A42F3B4A7A008C7FFB /* manifest.json in Resources */,
				B231849F2F3B4A7A008C7FFB /* background.js in Resources */,
				B23184A52F3B4A7A008C7FFB /* options.html in Resources */,
				B23184A12F3B4A7A008C7FFB /* options.js in Resources */,
				B23184A02F3B4A7A008C7FFB /* popup.html in Resources */,
				B231849E2F3B4A7A008C7FFB /* popup.js in Resources */,
				B23184A22F3B4A7A008C7FFB /* content in Resources */,
			);
			runOnlyForDeploymentPostprocessing = 0;
		};
		B23184672F3B4A7A008C7FFB /* Resources */ = {
			isa = PBXResourcesBuildPhase;
			buildActionMask = 2147483647;
			files = (
				B231849B2F3B4A7A008C7FFB /* README.md in Resources */,
				B231849C2F3B4A7A008C7FFB /* manifest.json in Resources */,
				B23184972F3B4A7A008C7FFB /* background.js in Resources */,
				B231849D2F3B4A7A008C7FFB /* options.html in Resources */,
				B23184992F3B4A7A008C7FFB /* options.js in Resources */,
				B23184982F3B4A7A008C7FFB /* popup.html in Resources */,
				B23184962F3B4A7A008C7FFB /* popup.js in Resources */,
				B231849A2F3B4A7A008C7FFB /* content in Resources */,
			);
			runOnlyForDeploymentPostprocessing = 0;
		};
/* End PBXResourcesBuildPhase section */

/* Begin PBXSourcesBuildPhase section */
		B231843D2F3B4A7A008C7FFB /* Sources */ = {
			isa = PBXSourcesBuildPhase;
			buildActionMask = 2147483647;
			files = (
				B23184772F3B4A7A008C7FFB /* ViewController.swift in Sources */,
				B23184452F3B4A7A008C7FFB /* AppDelegate.swift in Sources */,
				B23184472F3B4A7A008C7FFB /* SceneDelegate.swift in Sources */,
			);
			runOnlyForDeploymentPostprocessing = 0;
		};
		B231844F2F3B4A7A008C7FFB /* Sources */ = {
			isa = PBXSourcesBuildPhase;
			buildActionMask = 2147483647;
			files = (
				B23184782F3B4A7A008C7FFB /* ViewController.swift in Sources */,
				B23184562F3B4A7A008C7FFB /* AppDelegate.swift in Sources */,
			);
			runOnlyForDeploymentPostprocessing = 0;
		};
		B231845B2F3B4A7A008C7FFB /* Sources */ = {
			isa = PBXSourcesBuildPhase;
			buildActionMask = 2147483647;
			files = (
				B231847B2F3B4A7A008C7FFB /* SafariWebExtensionHandler.swift in Sources */,
			);
			runOnlyForDeploymentPostprocessing = 0;
		};
		B23184652F3B4A7A008C7FFB /* Sources */ = {
			isa = PBXSourcesBuildPhase;
			buildActionMask = 2147483647;
			files = (
				B231847C2F3B4A7A008C7FFB /* SafariWebExtensionHandler.swift in Sources */,
			);
			runOnlyForDeploymentPostprocessing = 0;
		};
/* End PBXSourcesBuildPhase section */

/* Begin PBXTargetDependency section */
		B23184622F3B4A7A008C7FFB /* PBXTargetDependency */ = {
			isa = PBXTargetDependency;
			target = B231845E2F3B4A7A008C7FFB /* Coding Test Auto PR (Safari) Extension (iOS) */;
			targetProxy = B23184612F3B4A7A008C7FFB /* PBXContainerItemProxy */;
		};
		B231846C2F3B4A7A008C7FFB /* PBXTargetDependency */ = {
			isa = PBXTargetDependency;
			target = B23184682F3B4A7A008C7FFB /* Coding Test Auto PR (Safari) Extension (macOS) */;
			targetProxy = B231846B2F3B4A7A008C7FFB /* PBXContainerItemProxy */;
		};
/* End PBXTargetDependency section */

/* Begin PBXVariantGroup section */
		B23184342F3B4A79008C7FFB /* Main.html */ = {
			isa = PBXVariantGroup;
			children = (
				B23184352F3B4A79008C7FFB /* Base */,
			);
			name = Main.html;
			sourceTree = "<group>";
		};
		B23184482F3B4A7A008C7FFB /* LaunchScreen.storyboard */ = {
			isa = PBXVariantGroup;
			children = (
				B23184492F3B4A7A008C7FFB /* Base */,
			);
			name = LaunchScreen.storyboard;
			sourceTree = "<group>";
		};
		B231844B2F3B4A7A008C7FFB /* Main.storyboard */ = {
			isa = PBXVariantGroup;
			children = (
				B231844C2F3B4A7A008C7FFB /* Base */,
			);
			name = Main.storyboard;
			sourceTree = "<group>";
		};
		B23184572F3B4A7A008C7FFB /* Main.storyboard */ = {
			isa = PBXVariantGroup;
			children = (
				B23184582F3B4A7A008C7FFB /* Base */,
			);
			name = Main.storyboard;
			sourceTree = "<group>";
		};
/* End PBXVariantGroup section */

/* Begin XCBuildConfiguration section */
		B231847D2F3B4A7A008C7FFB /* Debug */ = {
			isa = XCBuildConfiguration;
			buildSettings = {
				ALWAYS_SEARCH_USER_PATHS = NO;
				ASSETCATALOG_COMPILER_GENERATE_SWIFT_ASSET_SYMBOL_EXTENSIONS = YES;
				CLANG_ANALYZER_NONNULL = YES;
				CLANG_ANALYZER_NUMBER_OBJECT_CONVERSION = YES_AGGRESSIVE;
				CLANG_CXX_LANGUAGE_STANDARD = "gnu++20";
				CLANG_ENABLE_MODULES = YES;
				CLANG_ENABLE_OBJC_ARC = YES;
				CLANG_ENABLE_OBJC_WEAK = YES;
				CLANG_WARN_BLOCK_CAPTURE_AUTORELEASING = YES;
				CLANG_WARN_BOOL_CONVERSION = YES;
				CLANG_WARN_COMMA = YES;
				CLANG_WARN_CONSTANT_CONVERSION = YES;
				CLANG_WARN_DEPRECATED_OBJC_IMPLEMENTATIONS = YES;
				CLANG_WARN_DIRECT_OBJC_ISA_USAGE = YES_ERROR;
				CLANG_WARN_DOCUMENTATION_COMMENTS = YES;
				CLANG_WARN_EMPTY_BODY = YES;
				CLANG_WARN_ENUM_CONVERSION = YES;
				CLANG_WARN_INFINITE_RECURSION = YES;
				CLANG_WARN_INT_CONVERSION = YES;
				CLANG_WARN_NON_LITERAL_NULL_CONVERSION = YES;
				CLANG_WARN_OBJC_IMPLICIT_RETAIN_SELF = YES;
				CLANG_WARN_OBJC_LITERAL_CONVERSION = YES;
				CLANG_WARN_OBJC_ROOT_CLASS = YES_ERROR;
				CLANG_WARN_QUOTED_INCLUDE_IN_FRAMEWORK_HEADER = YES;
				CLANG_WARN_RANGE_LOOP_ANALYSIS = YES;
				CLANG_WARN_STRICT_PROTOTYPES = YES;
				CLANG_WARN_SUSPICIOUS_MOVE = YES;
				CLANG_WARN_UNGUARDED_AVAILABILITY = YES_AGGRESSIVE;
				CLANG_WARN_UNREACHABLE_CODE = YES;
				CLANG_WARN__DUPLICATE_METHOD_MATCH = YES;
				COPY_PHASE_STRIP = NO;
				DEBUG_INFORMATION_FORMAT = dwarf;
				ENABLE_STRICT_OBJC_MSGSEND = YES;
				ENABLE_TESTABILITY = YES;
				ENABLE_USER_SCRIPT_SANDBOXING = YES;
				GCC_C_LANGUAGE_STANDARD = gnu17;
				GCC_DYNAMIC_NO_PIC = NO;
				GCC_NO_COMMON_BLOCKS = YES;
				GCC_OPTIMIZATION_LEVEL = 0;
				GCC_PREPROCESSOR_DEFINITIONS = (
					"DEBUG=1",
					"$(inherited)",
				);
				GCC_WARN_64_TO_32_BIT_CONVERSION = YES;
				GCC_WARN_ABOUT_RETURN_TYPE = YES_ERROR;
				GCC_WARN_UNDECLARED_SELECTOR = YES;
				GCC_WARN_UNINITIALIZED_AUTOS = YES_AGGRESSIVE;
				GCC_WARN_UNUSED_FUNCTION = YES;
				GCC_WARN_UNUSED_VARIABLE = YES;
				LOCALIZATION_PREFERS_STRING_CATALOGS = YES;
				MTL_ENABLE_DEBUG_INFO = INCLUDE_SOURCE;
				MTL_FAST_MATH = YES;
				ONLY_ACTIVE_ARCH = YES;
				SWIFT_ACTIVE_COMPILATION_CONDITIONS = "DEBUG $(inherited)";
				SWIFT_OPTIMIZATION_LEVEL = "-Onone";
			};
			name = Debug;
		};
		B231847E2F3B4A7A008C7FFB /* Release */ = {
			isa = XCBuildConfiguration;
			buildSettings = {
				ALWAYS_SEARCH_USER_PATHS = NO;
				ASSETCATALOG_COMPILER_GENERATE_SWIFT_ASSET_SYMBOL_EXTENSIONS = YES;
				CLANG_ANALYZER_NONNULL = YES;
				CLANG_ANALYZER_NUMBER_OBJECT_CONVERSION = YES_AGGRESSIVE;
				CLANG_CXX_LANGUAGE_STANDARD = "gnu++20";
				CLANG_ENABLE_MODULES = YES;
				CLANG_ENABLE_OBJC_ARC = YES;
				CLANG_ENABLE_OBJC_WEAK = YES;
				CLANG_WARN_BLOCK_CAPTURE_AUTORELEASING = YES;
				CLANG_WARN_BOOL_CONVERSION = YES;
				CLANG_WARN_COMMA = YES;
				CLANG_WARN_CONSTANT_CONVERSION = YES;
				CLANG_WARN_DEPRECATED_OBJC_IMPLEMENTATIONS = YES;
				CLANG_WARN_DIRECT_OBJC_ISA_USAGE = YES_ERROR;
				CLANG_WARN_DOCUMENTATION_COMMENTS = YES;
				CLANG_WARN_EMPTY_BODY = YES;
				CLANG_WARN_ENUM_CONVERSION = YES;
				CLANG_WARN_INFINITE_RECURSION = YES;
				CLANG_WARN_INT_CONVERSION = YES;
				CLANG_WARN_NON_LITERAL_NULL_CONVERSION = YES;
				CLANG_WARN_OBJC_IMPLICIT_RETAIN_SELF = YES;
				CLANG_WARN_OBJC_LITERAL_CONVERSION = YES;
				CLANG_WARN_OBJC_ROOT_CLASS = YES_ERROR;
				CLANG_WARN_QUOTED_INCLUDE_IN_FRAMEWORK_HEADER = YES;
				CLANG_WARN_RANGE_LOOP_ANALYSIS = YES;
				CLANG_WARN_STRICT_PROTOTYPES = YES;
				CLANG_WARN_SUSPICIOUS_MOVE = YES;
				CLANG_WARN_UNGUARDED_AVAILABILITY = YES_AGGRESSIVE;
				CLANG_WARN_UNREACHABLE_CODE = YES;
				CLANG_WARN__DUPLICATE_METHOD_MATCH = YES;
				COPY_PHASE_STRIP = NO;
				DEBUG_INFORMATION_FORMAT = "dwarf-with-dsym";
				ENABLE_NS_ASSERTIONS = NO;
				ENABLE_STRICT_OBJC_MSGSEND = YES;
				ENABLE_USER_SCRIPT_SANDBOXING = YES;
				GCC_C_LANGUAGE_STANDARD = gnu17;
				GCC_NO_COMMON_BLOCKS = YES;
				GCC_WARN_64_TO_32_BIT_CONVERSION = YES;
				GCC_WARN_ABOUT_RETURN_TYPE = YES_ERROR;
				GCC_WARN_UNDECLARED_SELECTOR = YES;
				GCC_WARN_UNINITIALIZED_AUTOS = YES_AGGRESSIVE;
				GCC_WARN_UNUSED_FUNCTION = YES;
				GCC_WARN_UNUSED_VARIABLE = YES;
				LOCALIZATION_PREFERS_STRING_CATALOGS = YES;
				MTL_ENABLE_DEBUG_INFO = NO;
				MTL_FAST_MATH = YES;
				SWIFT_COMPILATION_MODE = wholemodule;
			};
			name = Release;
		};
		B23184802F3B4A7A008C7FFB /* Debug */ = {
			isa = XCBuildConfiguration;
			buildSettings = {
				CODE_SIGN_STYLE = Automatic;
				CURRENT_PROJECT_VERSION = 1;
				GENERATE_INFOPLIST_FILE = YES;
				INFOPLIST_FILE = "iOS (Extension)/Info.plist";
				INFOPLIST_KEY_CFBundleDisplayName = "Coding Test Auto PR (Safari) Extension";
				INFOPLIST_KEY_NSHumanReadableCopyright = "";
				IPHONEOS_DEPLOYMENT_TARGET = 15.0;
				LD_RUNPATH_SEARCH_PATHS = (
					"$(inherited)",
					"@executable_path/Frameworks",
					"@executable_path/../../Frameworks",
				);
				MARKETING_VERSION = 1.0;
				OTHER_LDFLAGS = (
					"-framework",
					SafariServices,
				);
				PRODUCT_BUNDLE_IDENTIFIER = "com.yourCompany.Coding-Test-Auto-PR--Safari-.Extension";
				PRODUCT_NAME = "Coding Test Auto PR (Safari) Extension";
				SDKROOT = iphoneos;
				SKIP_INSTALL = YES;
				STRING_CATALOG_GENERATE_SYMBOLS = YES;
				SWIFT_APPROACHABLE_CONCURRENCY = YES;
				SWIFT_EMIT_LOC_STRINGS = YES;
				SWIFT_UPCOMING_FEATURE_MEMBER_IMPORT_VISIBILITY = YES;
				SWIFT_VERSION = 5.0;
				TARGETED_DEVICE_FAMILY = "1,2";
			};
			name = Debug;
		};
		B23184812F3B4A7A008C7FFB /* Release */ = {
			isa = XCBuildConfiguration;
			buildSettings = {
				CODE_SIGN_STYLE = Automatic;
				CURRENT_PROJECT_VERSION = 1;
				GENERATE_INFOPLIST_FILE = YES;
				INFOPLIST_FILE = "iOS (Extension)/Info.plist";
				INFOPLIST_KEY_CFBundleDisplayName = "Coding Test Auto PR (Safari) Extension";
				INFOPLIST_KEY_NSHumanReadableCopyright = "";
				IPHONEOS_DEPLOYMENT_TARGET = 15.0;
				LD_RUNPATH_SEARCH_PATHS = (
					"$(inherited)",
					"@executable_path/Frameworks",
					"@executable_path/../../Frameworks",
				);
				MARKETING_VERSION = 1.0;
				OTHER_LDFLAGS = (
					"-framework",
					SafariServices,
				);
				PRODUCT_BUNDLE_IDENTIFIER = "com.yourCompany.Coding-Test-Auto-PR--Safari-.Extension";
				PRODUCT_NAME = "Coding Test Auto PR (Safari) Extension";
				SDKROOT = iphoneos;
				SKIP_INSTALL = YES;
				STRING_CATALOG_GENERATE_SYMBOLS = YES;
				SWIFT_APPROACHABLE_CONCURRENCY = YES;
				SWIFT_EMIT_LOC_STRINGS = YES;
				SWIFT_UPCOMING_FEATURE_MEMBER_IMPORT_VISIBILITY = YES;
				SWIFT_VERSION = 5.0;
				TARGETED_DEVICE_FAMILY = "1,2";
				VALIDATE_PRODUCT = YES;
			};
			name = Release;
		};
		B23184842F3B4A7A008C7FFB /* Debug */ = {
			isa = XCBuildConfiguration;
			buildSettings = {
				ASSETCATALOG_COMPILER_APPICON_NAME = AppIcon;
				ASSETCATALOG_COMPILER_GLOBAL_ACCENT_COLOR_NAME = AccentColor;
				CODE_SIGN_STYLE = Automatic;
				CURRENT_PROJECT_VERSION = 1;
				GENERATE_INFOPLIST_FILE = YES;
				INFOPLIST_FILE = "iOS (App)/Info.plist";
				INFOPLIST_KEY_CFBundleDisplayName = "Coding Test Auto PR (Safari)";
				INFOPLIST_KEY_UIApplicationSupportsIndirectInputEvents = YES;
				INFOPLIST_KEY_UILaunchStoryboardName = LaunchScreen;
				INFOPLIST_KEY_UIMainStoryboardFile = Main;
				INFOPLIST_KEY_UISupportedInterfaceOrientations = "UIInterfaceOrientationPortrait UIInterfaceOrientationLandscapeLeft UIInterfaceOrientationLandscapeRight";
				INFOPLIST_KEY_UISupportedInterfaceOrientations_iPad = "UIInterfaceOrientationPortrait UIInterfaceOrientationPortraitUpsideDown UIInterfaceOrientationLandscapeLeft UIInterfaceOrientationLandscapeRight";
				IPHONEOS_DEPLOYMENT_TARGET = 15.0;
				LD_RUNPATH_SEARCH_PATHS = (
					"$(inherited)",
					"@executable_path/Frameworks",
				);
				MARKETING_VERSION = 1.0;
				OTHER_LDFLAGS = (
					"-framework",
					SafariServices,
					"-framework",
					WebKit,
				);
				PRODUCT_BUNDLE_IDENTIFIER = "com.yourCompany.Coding-Test-Auto-PR--Safari-";
				PRODUCT_NAME = "Coding Test Auto PR (Safari)";
				SDKROOT = iphoneos;
				STRING_CATALOG_GENERATE_SYMBOLS = YES;
				SWIFT_APPROACHABLE_CONCURRENCY = YES;
				SWIFT_DEFAULT_ACTOR_ISOLATION = MainActor;
				SWIFT_EMIT_LOC_STRINGS = YES;
				SWIFT_UPCOMING_FEATURE_MEMBER_IMPORT_VISIBILITY = YES;
				SWIFT_VERSION = 5.0;
				TARGETED_DEVICE_FAMILY = "1,2";
			};
			name = Debug;
		};
		B23184852F3B4A7A008C7FFB /* Release */ = {
			isa = XCBuildConfiguration;
			buildSettings = {
				ASSETCATALOG_COMPILER_APPICON_NAME = AppIcon;
				ASSETCATALOG_COMPILER_GLOBAL_ACCENT_COLOR_NAME = AccentColor;
				CODE_SIGN_STYLE = Automatic;
				CURRENT_PROJECT_VERSION = 1;
				GENERATE_INFOPLIST_FILE = YES;
				INFOPLIST_FILE = "iOS (App)/Info.plist";
				INFOPLIST_KEY_CFBundleDisplayName = "Coding Test Auto PR (Safari)";
				INFOPLIST_KEY_UIApplicationSupportsIndirectInputEvents = YES;
				INFOPLIST_KEY_UILaunchStoryboardName = LaunchScreen;
				INFOPLIST_KEY_UIMainStoryboardFile = Main;
				INFOPLIST_KEY_UISupportedInterfaceOrientations = "UIInterfaceOrientationPortrait UIInterfaceOrientationLandscapeLeft UIInterfaceOrientationLandscapeRight";
				INFOPLIST_KEY_UISupportedInterfaceOrientations_iPad = "UIInterfaceOrientationPortrait UIInterfaceOrientationPortraitUpsideDown UIInterfaceOrientationLandscapeLeft UIInterfaceOrientationLandscapeRight";
				IPHONEOS_DEPLOYMENT_TARGET = 15.0;
				LD_RUNPATH_SEARCH_PATHS = (
					"$(inherited)",
					"@executable_path/Frameworks",
				);
				MARKETING_VERSION = 1.0;
				OTHER_LDFLAGS = (
					"-framework",
					SafariServices,
					"-framework",
					WebKit,
				);
				PRODUCT_BUNDLE_IDENTIFIER = "com.yourCompany.Coding-Test-Auto-PR--Safari-";
				PRODUCT_NAME = "Coding Test Auto PR (Safari)";
				SDKROOT = iphoneos;
				STRING_CATALOG_GENERATE_SYMBOLS = YES;
				SWIFT_APPROACHABLE_CONCURRENCY = YES;
				SWIFT_DEFAULT_ACTOR_ISOLATION = MainActor;
				SWIFT_EMIT_LOC_STRINGS = YES;
				SWIFT_UPCOMING_FEATURE_MEMBER_IMPORT_VISIBILITY = YES;
				SWIFT_VERSION = 5.0;
				TARGETED_DEVICE_FAMILY = "1,2";
				VALIDATE_PRODUCT = YES;
			};
			name = Release;
		};
		B23184872F3B4A7A008C7FFB /* Debug */ = {
			isa = XCBuildConfiguration;
			buildSettings = {
				CODE_SIGN_STYLE = Automatic;
				CURRENT_PROJECT_VERSION = 1;
				ENABLE_APP_SANDBOX = YES;
				ENABLE_HARDENED_RUNTIME = YES;
				ENABLE_USER_SELECTED_FILES = readonly;
				GENERATE_INFOPLIST_FILE = YES;
				INFOPLIST_FILE = "macOS (Extension)/Info.plist";
				INFOPLIST_KEY_CFBundleDisplayName = "Coding Test Auto PR (Safari) Extension";
				INFOPLIST_KEY_NSHumanReadableCopyright = "";
				LD_RUNPATH_SEARCH_PATHS = (
					"$(inherited)",
					"@executable_path/../Frameworks",
					"@executable_path/../../../../Frameworks",
				);
				MACOSX_DEPLOYMENT_TARGET = 10.14;
				MARKETING_VERSION = 1.0;
				OTHER_LDFLAGS = (
					"-framework",
					SafariServices,
				);
				PRODUCT_BUNDLE_IDENTIFIER = "com.yourCompany.Coding-Test-Auto-PR--Safari-.Extension";
				PRODUCT_NAME = "Coding Test Auto PR (Safari) Extension";
				SDKROOT = macosx;
				SKIP_INSTALL = YES;
				STRING_CATALOG_GENERATE_SYMBOLS = YES;
				SWIFT_APPROACHABLE_CONCURRENCY = YES;
				SWIFT_EMIT_LOC_STRINGS = YES;
				SWIFT_UPCOMING_FEATURE_MEMBER_IMPORT_VISIBILITY = YES;
				SWIFT_VERSION = 5.0;
			};
			name = Debug;
		};
		B23184882F3B4A7A008C7FFB /* Release */ = {
			isa = XCBuildConfiguration;
			buildSettings = {
				CODE_SIGN_STYLE = Automatic;
				CURRENT_PROJECT_VERSION = 1;
				ENABLE_APP_SANDBOX = YES;
				ENABLE_HARDENED_RUNTIME = YES;
				ENABLE_USER_SELECTED_FILES = readonly;
				GENERATE_INFOPLIST_FILE = YES;
				INFOPLIST_FILE = "macOS (Extension)/Info.plist";
				INFOPLIST_KEY_CFBundleDisplayName = "Coding Test Auto PR (Safari) Extension";
				INFOPLIST_KEY_NSHumanReadableCopyright = "";
				LD_RUNPATH_SEARCH_PATHS = (
					"$(inherited)",
					"@executable_path/../Frameworks",
					"@executable_path/../../../../Frameworks",
				);
				MACOSX_DEPLOYMENT_TARGET = 10.14;
				MARKETING_VERSION = 1.0;
				OTHER_LDFLAGS = (
					"-framework",
					SafariServices,
				);
				PRODUCT_BUNDLE_IDENTIFIER = "com.yourCompany.Coding-Test-Auto-PR--Safari-.Extension";
				PRODUCT_NAME = "Coding Test Auto PR (Safari) Extension";
				SDKROOT = macosx;
				SKIP_INSTALL = YES;
				STRING_CATALOG_GENERATE_SYMBOLS = YES;
				SWIFT_APPROACHABLE_CONCURRENCY = YES;
				SWIFT_EMIT_LOC_STRINGS = YES;
				SWIFT_UPCOMING_FEATURE_MEMBER_IMPORT_VISIBILITY = YES;
				SWIFT_VERSION = 5.0;
			};
			name = Release;
		};
		B231848B2F3B4A7A008C7FFB /* Debug */ = {
			isa = XCBuildConfiguration;
			buildSettings = {
				ASSETCATALOG_COMPILER_APPICON_NAME = AppIcon;
				ASSETCATALOG_COMPILER_GLOBAL_ACCENT_COLOR_NAME = AccentColor;
				CODE_SIGN_STYLE = Automatic;
				CURRENT_PROJECT_VERSION = 1;
				ENABLE_APP_SANDBOX = YES;
				ENABLE_HARDENED_RUNTIME = YES;
				ENABLE_OUTGOING_NETWORK_CONNECTIONS = YES;
				ENABLE_USER_SELECTED_FILES = readonly;
				GENERATE_INFOPLIST_FILE = YES;
				INFOPLIST_FILE = "macOS (App)/Info.plist";
				INFOPLIST_KEY_CFBundleDisplayName = "Coding Test Auto PR (Safari)";
				INFOPLIST_KEY_NSMainStoryboardFile = Main;
				INFOPLIST_KEY_NSPrincipalClass = NSApplication;
				LD_RUNPATH_SEARCH_PATHS = (
					"$(inherited)",
					"@executable_path/../Frameworks",
				);
				MACOSX_DEPLOYMENT_TARGET = 10.14;
				MARKETING_VERSION = 1.0;
				OTHER_LDFLAGS = (
					"-framework",
					SafariServices,
					"-framework",
					WebKit,
				);
				PRODUCT_BUNDLE_IDENTIFIER = "com.yourCompany.Coding-Test-Auto-PR--Safari-";
				PRODUCT_NAME = "Coding Test Auto PR (Safari)";
				REGISTER_APP_GROUPS = YES;
				SDKROOT = macosx;
				STRING_CATALOG_GENERATE_SYMBOLS = YES;
				SWIFT_APPROACHABLE_CONCURRENCY = YES;
				SWIFT_DEFAULT_ACTOR_ISOLATION = MainActor;
				SWIFT_EMIT_LOC_STRINGS = YES;
				SWIFT_UPCOMING_FEATURE_MEMBER_IMPORT_VISIBILITY = YES;
				SWIFT_VERSION = 5.0;
			};
			name = Debug;
		};
		B231848C2F3B4A7A008C7FFB /* Release */ = {
			isa = XCBuildConfiguration;
			buildSettings = {
				ASSETCATALOG_COMPILER_APPICON_NAME = AppIcon;
				ASSETCATALOG_COMPILER_GLOBAL_ACCENT_COLOR_NAME = AccentColor;
				CODE_SIGN_STYLE = Automatic;
				CURRENT_PROJECT_VERSION = 1;
				ENABLE_APP_SANDBOX = YES;
				ENABLE_HARDENED_RUNTIME = YES;
				ENABLE_OUTGOING_NETWORK_CONNECTIONS = YES;
				ENABLE_USER_SELECTED_FILES = readonly;
				GENERATE_INFOPLIST_FILE = YES;
				INFOPLIST_FILE = "macOS (App)/Info.plist";
				INFOPLIST_KEY_CFBundleDisplayName = "Coding Test Auto PR (Safari)";
				INFOPLIST_KEY_NSMainStoryboardFile = Main;
				INFOPLIST_KEY_NSPrincipalClass = NSApplication;
				LD_RUNPATH_SEARCH_PATHS = (
					"$(inherited)",
					"@executable_path/../Frameworks",
				);
				MACOSX_DEPLOYMENT_TARGET = 10.14;
				MARKETING_VERSION = 1.0;
				OTHER_LDFLAGS = (
					"-framework",
					SafariServices,
					"-framework",
					WebKit,
				);
				PRODUCT_BUNDLE_IDENTIFIER = "com.yourCompany.Coding-Test-Auto-PR--Safari-";
				PRODUCT_NAME = "Coding Test Auto PR (Safari)";
				REGISTER_APP_GROUPS = YES;
				SDKROOT = macosx;
				STRING_CATALOG_GENERATE_SYMBOLS = YES;
				SWIFT_APPROACHABLE_CONCURRENCY = YES;
				SWIFT_DEFAULT_ACTOR_ISOLATION = MainActor;
				SWIFT_EMIT_LOC_STRINGS = YES;
				SWIFT_UPCOMING_FEATURE_MEMBER_IMPORT_VISIBILITY = YES;
				SWIFT_VERSION = 5.0;
			};
			name = Release;
		};
/* End XCBuildConfiguration section */

/* Begin XCConfigurationList section */
		B23184312F3B4A79008C7FFB /* Build configuration list for PBXProject "Coding Test Auto PR (Safari)" */ = {
			isa = XCConfigurationList;
			buildConfigurations = (
				B231847D2F3B4A7A008C7FFB /* Debug */,
				B231847E2F3B4A7A008C7FFB /* Release */,
			);
			defaultConfigurationIsVisible = 0;
			defaultConfigurationName = Release;
		};
		B231847F2F3B4A7A008C7FFB /* Build configuration list for PBXNativeTarget "Coding Test Auto PR (Safari) Extension (iOS)" */ = {
			isa = XCConfigurationList;
			buildConfigurations = (
				B23184802F3B4A7A008C7FFB /* Debug */,
				B23184812F3B4A7A008C7FFB /* Release */,
			);
			defaultConfigurationIsVisible = 0;
			defaultConfigurationName = Release;
		};
		B23184832F3B4A7A008C7FFB /* Build configuration list for PBXNativeTarget "Coding Test Auto PR (Safari) (iOS)" */ = {
			isa = XCConfigurationList;
			buildConfigurations = (
				B23184842F3B4A7A008C7FFB /* Debug */,
				B23184852F3B4A7A008C7FFB /* Release */,
			);
			defaultConfigurationIsVisible = 0;
			defaultConfigurationName = Release;
		};
		B23184862F3B4A7A008C7FFB /* Build configuration list for PBXNativeTarget "Coding Test Auto PR (Safari) Extension (macOS)" */ = {
			isa = XCConfigurationList;
			buildConfigurations = (
				B23184872F3B4A7A008C7FFB /* Debug */,
				B23184882F3B4A7A008C7FFB /* Release */,
			);
			defaultConfigurationIsVisible = 0;
			defaultConfigurationName = Release;
		};
		B231848A2F3B4A7A008C7FFB /* Build configuration list for PBXNativeTarget "Coding Test Auto PR (Safari) (macOS)" */ = {
			isa = XCConfigurationList;
			buildConfigurations = (
				B231848B2F3B4A7A008C7FFB /* Debug */,
				B231848C2F3B4A7A008C7FFB /* Release */,
			);
			defaultConfigurationIsVisible = 0;
			defaultConfigurationName = Release;
		};
/* End XCConfigurationList section */
	};
	rootObject = B231842E2F3B4A79008C7FFB /* Project object */;
}
